
Microsoft Visual Studio Solution File, Format Version 12.00
# Visual Studio Version 17
VisualStudioVersion = 17.12.35527.113 d17.12
MinimumVisualStudioVersion = 10.0.40219.1
Project("{FAE04EC0-301F-11D3-BF4B-00C04F79EFBC}") = "BTL-Web", "BTL-Web\BTL-Web.csproj", "{11561BBA-93C1-4F9B-A9E6-8FFD2AB083EB}"
EndProject
Global
	GlobalSection(SolutionConfigurationPlatforms) = preSolution
		Debug|Any CPU = Debug|Any CPU
		Release|Any CPU = Release|Any CPU
	EndGlobalSection
	GlobalSection(ProjectConfigurationPlatforms) = postSolution
		{11561BBA-93C1-4F9B-A9E6-8FFD2AB083EB}.Debug|Any CPU.ActiveCfg = Debug|Any CPU
		{11561BBA-93C1-4F9B-A9E6-8FFD2AB083EB}.Debug|Any CPU.Build.0 = Debug|Any CPU
		{11561BBA-93C1-4F9B-A9E6-8FFD2AB083EB}.Release|Any CPU.ActiveCfg = Release|Any CPU
		{11561BBA-93C1-4F9B-A9E6-8FFD2AB083EB}.Release|Any CPU.Build.0 = Release|Any CPU
	EndGlobalSection
	GlobalSection(SolutionProperties) = preSolution
		HideSolutionNode = FALSE
	EndGlobalSection
	GlobalSection(ExtensibilityGlobals) = postSolution
		SolutionGuid = {08E096DC-A1B1-4ABB-A817-C83418314DBA}
	EndGlobalSection
EndGlobal
